
Microsoft Visual Studio Solution File, Format Version 12.00
# Visual Studio Version 16
VisualStudioVersion = 16.0.29230.47
MinimumVisualStudioVersion = 10.0.40219.1
Project("{FAE04EC0-301F-11D3-BF4B-00C04F79EFBC}") = "BlackoutBuddy", "BlackoutBuddy.csproj", "{1F740376-FA52-41EA-A050-105434D27968}"
EndProject
Global
	GlobalSection(SolutionConfigurationPlatforms) = preSolution
		Debug|Any CPU = Debug|Any CPU
		Release|Any CPU = Release|Any CPU
	EndGlobalSection
	GlobalSection(ProjectConfigurationPlatforms) = postSolution
		{1F740376-FA52-41EA-A050-105434D27968}.Debug|Any CPU.ActiveCfg = Debug|Any CPU
		{1F740376-FA52-41EA-A050-105434D27968}.Debug|Any CPU.Build.0 = Debug|Any CPU
		{1F740376-FA52-41EA-A050-105434D27968}.Release|Any CPU.ActiveCfg = Release|Any CPU
		{1F740376-FA52-41EA-A050-105434D27968}.Release|Any CPU.Build.0 = Release|Any CPU
	EndGlobalSection
	GlobalSection(SolutionProperties) = preSolution
		HideSolutionNode = FALSE
	EndGlobalSection
	GlobalSection(ExtensibilityGlobals) = postSolution
		SolutionGuid = {7C95F675-07AD-48ED-9842-86FADF583882}
	EndGlobalSection
EndGlobal
